
Microsoft Visual Studio Solution File, Format Version 12.00
# Visual Studio Version 17
VisualStudioVersion = 17.12.35527.113
MinimumVisualStudioVersion = 10.0.40219.1
Project("{FAE04EC0-301F-11D3-BF4B-00C04F79EFBC}") = "vShop.Apps", "vShop.Apps\vShop.Apps.csproj", "{B4C76178-5355-4488-91FF-8A3B8873C397}"
EndProject
Project("{FAE04EC0-301F-11D3-BF4B-00C04F79EFBC}") = "vShop.Infrastructure", "vShop.Infrastructure\vShop.Infrastructure.csproj", "{B4C26C40-ECB1-47AD-AA11-1D5B98778B2B}"
EndProject
Project("{FAE04EC0-301F-11D3-BF4B-00C04F79EFBC}") = "vShop.Domain", "vShop.Domain\vShop.Domain.csproj", "{C8BDEB4E-0283-4AFD-9F25-A676D0E1349A}"
EndProject
Global
	GlobalSection(SolutionConfigurationPlatforms) = preSolution
		Debug|Any CPU = Debug|Any CPU
		Release|Any CPU = Release|Any CPU
	EndGlobalSection
	GlobalSection(ProjectConfigurationPlatforms) = postSolution
		{B4C76178-5355-4488-91FF-8A3B8873C397}.Debug|Any CPU.ActiveCfg = Debug|Any CPU
		{B4C76178-5355-4488-91FF-8A3B8873C397}.Debug|Any CPU.Build.0 = Debug|Any CPU
		{B4C76178-5355-4488-91FF-8A3B8873C397}.Release|Any CPU.ActiveCfg = Release|Any CPU
		{B4C76178-5355-4488-91FF-8A3B8873C397}.Release|Any CPU.Build.0 = Release|Any CPU
		{B4C26C40-ECB1-47AD-AA11-1D5B98778B2B}.Debug|Any CPU.ActiveCfg = Debug|Any CPU
		{B4C26C40-ECB1-47AD-AA11-1D5B98778B2B}.Debug|Any CPU.Build.0 = Debug|Any CPU
		{B4C26C40-ECB1-47AD-AA11-1D5B98778B2B}.Release|Any CPU.ActiveCfg = Release|Any CPU
		{B4C26C40-ECB1-47AD-AA11-1D5B98778B2B}.Release|Any CPU.Build.0 = Release|Any CPU
		{C8BDEB4E-0283-4AFD-9F25-A676D0E1349A}.Debug|Any CPU.ActiveCfg = Debug|Any CPU
		{C8BDEB4E-0283-4AFD-9F25-A676D0E1349A}.Debug|Any CPU.Build.0 = Debug|Any CPU
		{C8BDEB4E-0283-4AFD-9F25-A676D0E1349A}.Release|Any CPU.ActiveCfg = Release|Any CPU
		{C8BDEB4E-0283-4AFD-9F25-A676D0E1349A}.Release|Any CPU.Build.0 = Release|Any CPU
	EndGlobalSection
	GlobalSection(SolutionProperties) = preSolution
		HideSolutionNode = FALSE
	EndGlobalSection
EndGlobal
